
Microsoft Visual Studio Solution File, Format Version 12.00
# Visual Studio Version 16
VisualStudioVersion = 16.0.28803.452
MinimumVisualStudioVersion = 10.0.40219.1
Project("{FAE04EC0-301F-11D3-BF4B-00C04F79EFBC}") = "TeaBagMaker", "TeaBagMaker\TeaBagMaker.csproj", "{0808EAD4-A136-4B51-ACD8-DC5C52899332}"
EndProject
Global
	GlobalSection(SolutionConfigurationPlatforms) = preSolution
		Debug|Any CPU = Debug|Any CPU
		Release|Any CPU = Release|Any CPU
	EndGlobalSection
	GlobalSection(ProjectConfigurationPlatforms) = postSolution
		{0808EAD4-A136-4B51-ACD8-DC5C52899332}.Debug|Any CPU.ActiveCfg = Debug|Any CPU
		{0808EAD4-A136-4B51-ACD8-DC5C52899332}.Debug|Any CPU.Build.0 = Debug|Any CPU
		{0808EAD4-A136-4B51-ACD8-DC5C52899332}.Release|Any CPU.ActiveCfg = Release|Any CPU
		{0808EAD4-A136-4B51-ACD8-DC5C52899332}.Release|Any CPU.Build.0 = Release|Any CPU
	EndGlobalSection
	GlobalSection(SolutionProperties) = preSolution
		HideSolutionNode = FALSE
	EndGlobalSection
	GlobalSection(ExtensibilityGlobals) = postSolution
		SolutionGuid = {FD5EDA1B-8FE1-4B29-B566-B9BC7FBAB0FF}
	EndGlobalSection
EndGlobal
